// !$*UTF8*$!
{
	archiveVersion = 1;
	classes = {
	};
	objectVersion = 55;
	objects = {

/* Begin PBXBuildFile section */
		2234FA1329F2ECBC00D149C2 /* ModesVC.swift in Sources */ = {isa = PBXBuildFile; fileRef = 2234FA1229F2ECBC00D149C2 /* ModesVC.swift */; };
		2234FA1629F2EFE400D149C2 /* ConfettiSwiftUI in Frameworks */ = {isa = PBXBuildFile; productRef = 2234FA1529F2EFE400D149C2 /* ConfettiSwiftUI */; };
		2234FA1A29F2F33900D149C2 /* ConfettiVC.swift in Sources */ = {isa = PBXBuildFile; fileRef = 2234FA1929F2F33900D149C2 /* ConfettiVC.swift */; };
		2234FA1C29F2F55000D149C2 /* confetti.png in Resources */ = {isa = PBXBuildFile; fileRef = 2234FA1B29F2F55000D149C2 /* confetti.png */; };
		2234FA1E29F2F83D00D149C2 /* Screen Recording 2023-04-21 at 11.53.06 AM.mov in Resources */ = {isa = PBXBuildFile; fileRef = 2234FA1D29F2F83D00D149C2 /* Screen Recording 2023-04-21 at 11.53.06 AM.mov */; };
		228A53FA29E86D9C00B31881 /* Letter.swift in Sources */ = {isa = PBXBuildFile; fileRef = 228A53F929E86D9C00B31881 /* Letter.swift */; };
		22B37AD129DDD0C200AC6809 /* Wordle.swift in Sources */ = {isa = PBXBuildFile; fileRef = 22B37AD029DDD0C200AC6809 /* Wordle.swift */; };
		22B37AD629DDD3C000AC6809 /* HelpVC.swift in Sources */ = {isa = PBXBuildFile; fileRef = 22B37AD529DDD3C000AC6809 /* HelpVC.swift */; };
		22B37AD829DDD3D900AC6809 /* SettingsVC.swift in Sources */ = {isa = PBXBuildFile; fileRef = 22B37AD729DDD3D900AC6809 /* SettingsVC.swift */; };
		22B37ADE29DDD66F00AC6809 /* Dictionary.swift in Sources */ = {isa = PBXBuildFile; fileRef = 22B37ADD29DDD66F00AC6809 /* Dictionary.swift */; };
		22B37AE029DDDFAF00AC6809 /* TextFieldVC.swift in Sources */ = {isa = PBXBuildFile; fileRef = 22B37ADF29DDDFAF00AC6809 /* TextFieldVC.swift */; };
		22BBED4529DB3C4C0003373F /* AppDelegate.swift in Sources */ = {isa = PBXBuildFile; fileRef = 22BBED4429DB3C4C0003373F /* AppDelegate.swift */; };
		22BBED4729DB3C4C0003373F /* SceneDelegate.swift in Sources */ = {isa = PBXBuildFile; fileRef = 22BBED4629DB3C4C0003373F /* SceneDelegate.swift */; };
		22BBED4929DB3C4C0003373F /* GameVC.swift in Sources */ = {isa = PBXBuildFile; fileRef = 22BBED4829DB3C4C0003373F /* GameVC.swift */; };
		22BBED4C29DB3C4C0003373F /* Main.storyboard in Resources */ = {isa = PBXBuildFile; fileRef = 22BBED4A29DB3C4C0003373F /* Main.storyboard */; };
		22BBED4E29DB3C4E0003373F /* Assets.xcassets in Resources */ = {isa = PBXBuildFile; fileRef = 22BBED4D29DB3C4E0003373F /* Assets.xcassets */; };
		22BBED5129DB3C4E0003373F /* LaunchScreen.storyboard in Resources */ = {isa = PBXBuildFile; fileRef = 22BBED4F29DB3C4E0003373F /* LaunchScreen.storyboard */; };
		22BBED5A29DB3C8F0003373F /* help.png in Resources */ = {isa = PBXBuildFile; fileRef = 22BBED5829DB3C8F0003373F /* help.png */; };
		22BBED5B29DB3C8F0003373F /* dictionary.txt in Resources */ = {isa = PBXBuildFile; fileRef = 22BBED5929DB3C8F0003373F /* dictionary.txt */; };
		22C4591929EDB024006BCDF7 /* LetterVC.swift in Sources */ = {isa = PBXBuildFile; fileRef = 22C4591829EDB024006BCDF7 /* LetterVC.swift */; };
/* End PBXBuildFile section */

/* Begin PBXFileReference section */
		2234FA1229F2ECBC00D149C2 /* ModesVC.swift */ = {isa = PBXFileReference; lastKnownFileType = sourcecode.swift; path = ModesVC.swift; sourceTree = "<group>"; };
		2234FA1929F2F33900D149C2 /* ConfettiVC.swift */ = {isa = PBXFileReference; lastKnownFileType = sourcecode.swift; path = ConfettiVC.swift; sourceTree = "<group>"; };
		2234FA1B29F2F55000D149C2 /* confetti.png */ = {isa = PBXFileReference; lastKnownFileType = image.png; path = confetti.png; sourceTree = "<group>"; };
		2234FA1D29F2F83D00D149C2 /* Screen Recording 2023-04-21 at 11.53.06 AM.mov */ = {isa = PBXFileReference; lastKnownFileType = video.quicktime; path = "Screen Recording 2023-04-21 at 11.53.06 AM.mov"; sourceTree = "<group>"; };
		228A53F929E86D9C00B31881 /* Letter.swift */ = {isa = PBXFileReference; lastKnownFileType = sourcecode.swift; path = Letter.swift; sourceTree = "<group>"; };
		22B37AD029DDD0C200AC6809 /* Wordle.swift */ = {isa = PBXFileReference; lastKnownFileType = sourcecode.swift; path = Wordle.swift; sourceTree = "<group>"; };
		22B37AD529DDD3C000AC6809 /* HelpVC.swift */ = {isa = PBXFileReference; lastKnownFileType = sourcecode.swift; path = HelpVC.swift; sourceTree = "<group>"; };
		22B37AD729DDD3D900AC6809 /* SettingsVC.swift */ = {isa = PBXFileReference; lastKnownFileType = sourcecode.swift; path = SettingsVC.swift; sourceTree = "<group>"; };
		22B37ADD29DDD66F00AC6809 /* Dictionary.swift */ = {isa = PBXFileReference; lastKnownFileType = sourcecode.swift; path = Dictionary.swift; sourceTree = "<group>"; };
		22B37ADF29DDDFAF00AC6809 /* TextFieldVC.swift */ = {isa = PBXFileReference; lastKnownFileType = sourcecode.swift; path = TextFieldVC.swift; sourceTree = "<group>"; };
		22BBED4129DB3C4C0003373F /* Wordle.app */ = {isa = PBXFileReference; explicitFileType = wrapper.application; includeInIndex = 0; path = Wordle.app; sourceTree = BUILT_PRODUCTS_DIR; };
		22BBED4429DB3C4C0003373F /* AppDelegate.swift */ = {isa = PBXFileReference; lastKnownFileType = sourcecode.swift; path = AppDelegate.swift; sourceTree = "<group>"; };
		22BBED4629DB3C4C0003373F /* SceneDelegate.swift */ = {isa = PBXFileReference; lastKnownFileType = sourcecode.swift; path = SceneDelegate.swift; sourceTree = "<group>"; };
		22BBED4829DB3C4C0003373F /* GameVC.swift */ = {isa = PBXFileReference; lastKnownFileType = sourcecode.swift; path = GameVC.swift; sourceTree = "<group>"; };
		22BBED4B29DB3C4C0003373F /* Base */ = {isa = PBXFileReference; lastKnownFileType = file.storyboard; name = Base; path = Base.lproj/Main.storyboard; sourceTree = "<group>"; };
		22BBED4D29DB3C4E0003373F /* Assets.xcassets */ = {isa = PBXFileReference; lastKnownFileType = folder.assetcatalog; path = Assets.xcassets; sourceTree = "<group>"; };
		22BBED5029DB3C4E0003373F /* Base */ = {isa = PBXFileReference; lastKnownFileType = file.storyboard; name = Base; path = Base.lproj/LaunchScreen.storyboard; sourceTree = "<group>"; };
		22BBED5229DB3C4E0003373F /* Info.plist */ = {isa = PBXFileReference; lastKnownFileType = text.plist.xml; path = Info.plist; sourceTree = "<group>"; };
		22BBED5829DB3C8F0003373F /* help.png */ = {isa = PBXFileReference; lastKnownFileType = image.png; path = help.png; sourceTree = "<group>"; };
		22BBED5929DB3C8F0003373F /* dictionary.txt */ = {isa = PBXFileReference; fileEncoding = 4; lastKnownFileType = text; path = dictionary.txt; sourceTree = "<group>"; };
		22C4591829EDB024006BCDF7 /* LetterVC.swift */ = {isa = PBXFileReference; lastKnownFileType = sourcecode.swift; path = LetterVC.swift; sourceTree = "<group>"; };
/* End PBXFileReference section */

/* Begin PBXFrameworksBuildPhase section */
		22BBED3E29DB3C4C0003373F /* Frameworks */ = {
			isa = PBXFrameworksBuildPhase;
			buildActionMask = 2147483647;
			files = (
				2234FA1629F2EFE400D149C2 /* ConfettiSwiftUI in Frameworks */,
			);
			runOnlyForDeploymentPostprocessing = 0;
		};
/* End PBXFrameworksBuildPhase section */

/* Begin PBXGroup section */
		22B37ADA29DDD43C00AC6809 /* ImportedResources */ = {
			isa = PBXGroup;
			children = (
				2234FA1D29F2F83D00D149C2 /* Screen Recording 2023-04-21 at 11.53.06 AM.mov */,
				22BBED5929DB3C8F0003373F /* dictionary.txt */,
				22BBED5829DB3C8F0003373F /* help.png */,
				2234FA1B29F2F55000D149C2 /* confetti.png */,
			);
			name = ImportedResources;
			path = ..;
			sourceTree = "<group>";
		};
		22B37ADB29DDD46800AC6809 /* ViewControllers */ = {
			isa = PBXGroup;
			children = (
				22BBED4829DB3C4C0003373F /* GameVC.swift */,
				22B37AD529DDD3C000AC6809 /* HelpVC.swift */,
				22B37AD729DDD3D900AC6809 /* SettingsVC.swift */,
				22B37ADF29DDDFAF00AC6809 /* TextFieldVC.swift */,
				22C4591829EDB024006BCDF7 /* LetterVC.swift */,
				2234FA1229F2ECBC00D149C2 /* ModesVC.swift */,
				2234FA1929F2F33900D149C2 /* ConfettiVC.swift */,
			);
			name = ViewControllers;
			sourceTree = "<group>";
		};
		22B37ADC29DDD48400AC6809 /* Models */ = {
			isa = PBXGroup;
			children = (
				22B37AD029DDD0C200AC6809 /* Wordle.swift */,
				22B37ADD29DDD66F00AC6809 /* Dictionary.swift */,
				228A53F929E86D9C00B31881 /* Letter.swift */,
			);
			name = Models;
			sourceTree = "<group>";
		};
		22BBED3829DB3C4C0003373F = {
			isa = PBXGroup;
			children = (
				22BBED4329DB3C4C0003373F /* Wordle */,
				22BBED4229DB3C4C0003373F /* Products */,
			);
			sourceTree = "<group>";
		};
		22BBED4229DB3C4C0003373F /* Products */ = {
			isa = PBXGroup;
			children = (
				22BBED4129DB3C4C0003373F /* Wordle.app */,
			);
			name = Products;
			sourceTree = "<group>";
		};
		22BBED4329DB3C4C0003373F /* Wordle */ = {
			isa = PBXGroup;
			children = (
				22B37ADA29DDD43C00AC6809 /* ImportedResources */,
				22B37ADC29DDD48400AC6809 /* Models */,
				22B37ADB29DDD46800AC6809 /* ViewControllers */,
				22BBED4A29DB3C4C0003373F /* Main.storyboard */,
				22BBED4D29DB3C4E0003373F /* Assets.xcassets */,
				22BBED4F29DB3C4E0003373F /* LaunchScreen.storyboard */,
				22BBED5229DB3C4E0003373F /* Info.plist */,
				22BBED4629DB3C4C0003373F /* SceneDelegate.swift */,
				22BBED4429DB3C4C0003373F /* AppDelegate.swift */,
			);
			path = Wordle;
			sourceTree = "<group>";
		};
/* End PBXGroup section */

/* Begin PBXNativeTarget section */
		22BBED4029DB3C4C0003373F /* Wordle */ = {
			isa = PBXNativeTarget;
			buildConfigurationList = 22BBED5529DB3C4E0003373F /* Build configuration list for PBXNativeTarget "Wordle" */;
			buildPhases = (
				22BBED3D29DB3C4C0003373F /* Sources */,
				22BBED3E29DB3C4C0003373F /* Frameworks */,
				22BBED3F29DB3C4C0003373F /* Resources */,
			);
			buildRules = (
			);
			dependencies = (
			);
			name = Wordle;
			packageProductDependencies = (
				2234FA1529F2EFE400D149C2 /* ConfettiSwiftUI */,
			);
			productName = Wordle;
			productReference = 22BBED4129DB3C4C0003373F /* Wordle.app */;
			productType = "com.apple.product-type.application";
		};
/* End PBXNativeTarget section */

/* Begin PBXProject section */
		22BBED3929DB3C4C0003373F /* Project object */ = {
			isa = PBXProject;
			attributes = {
				BuildIndependentTargetsInParallel = 1;
				LastSwiftUpdateCheck = 1340;
				LastUpgradeCheck = 1340;
				TargetAttributes = {
					22BBED4029DB3C4C0003373F = {
						CreatedOnToolsVersion = 13.4.1;
					};
				};
			};
			buildConfigurationList = 22BBED3C29DB3C4C0003373F /* Build configuration list for PBXProject "Wordle" */;
			compatibilityVersion = "Xcode 13.0";
			developmentRegion = en;
			hasScannedForEncodings = 0;
			knownRegions = (
				en,
				Base,
			);
			mainGroup = 22BBED3829DB3C4C0003373F;
			packageReferences = (
				2234FA1429F2EFE400D149C2 /* XCRemoteSwiftPackageReference "ConfettiSwiftUI" */,
			);
			productRefGroup = 22BBED4229DB3C4C0003373F /* Products */;
			projectDirPath = "";
			projectRoot = "";
			targets = (
				22BBED4029DB3C4C0003373F /* Wordle */,
			);
		};
/* End PBXProject section */

/* Begin PBXResourcesBuildPhase section */
		22BBED3F29DB3C4C0003373F /* Resources */ = {
			isa = PBXResourcesBuildPhase;
			buildActionMask = 2147483647;
			files = (
				22BBED5A29DB3C8F0003373F /* help.png in Resources */,
				2234FA1E29F2F83D00D149C2 /* Screen Recording 2023-04-21 at 11.53.06 AM.mov in Resources */,
				22BBED5129DB3C4E0003373F /* LaunchScreen.storyboard in Resources */,
				22BBED4E29DB3C4E0003373F /* Assets.xcassets in Resources */,
				22BBED5B29DB3C8F0003373F /* dictionary.txt in Resources */,
				22BBED4C29DB3C4C0003373F /* Main.storyboard in Resources */,
				2234FA1C29F2F55000D149C2 /* confetti.png in Resources */,
			);
			runOnlyForDeploymentPostprocessing = 0;
		};
/* End PBXResourcesBuildPhase section */

/* Begin PBXSourcesBuildPhase section */
		22BBED3D29DB3C4C0003373F /* Sources */ = {
			isa = PBXSourcesBuildPhase;
			buildActionMask = 2147483647;
			files = (
				22B37AD129DDD0C200AC6809 /* Wordle.swift in Sources */,
				22B37AD629DDD3C000AC6809 /* HelpVC.swift in Sources */,
				22BBED4929DB3C4C0003373F /* GameVC.swift in Sources */,
				228A53FA29E86D9C00B31881 /* Letter.swift in Sources */,
				2234FA1329F2ECBC00D149C2 /* ModesVC.swift in Sources */,
				22BBED4529DB3C4C0003373F /* AppDelegate.swift in Sources */,
				22B37ADE29DDD66F00AC6809 /* Dictionary.swift in Sources */,
				22BBED4729DB3C4C0003373F /* SceneDelegate.swift in Sources */,
				2234FA1A29F2F33900D149C2 /* ConfettiVC.swift in Sources */,
				22B37AE029DDDFAF00AC6809 /* TextFieldVC.swift in Sources */,
				22C4591929EDB024006BCDF7 /* LetterVC.swift in Sources */,
				22B37AD829DDD3D900AC6809 /* SettingsVC.swift in Sources */,
			);
			runOnlyForDeploymentPostprocessing = 0;
		};
/* End PBXSourcesBuildPhase section */

/* Begin PBXVariantGroup section */
		22BBED4A29DB3C4C0003373F /* Main.storyboard */ = {
			isa = PBXVariantGroup;
			children = (
				22BBED4B29DB3C4C0003373F /* Base */,
			);
			name = Main.storyboard;
			sourceTree = "<group>";
		};
		22BBED4F29DB3C4E0003373F /* LaunchScreen.storyboard */ = {
			isa = PBXVariantGroup;
			children = (
				22BBED5029DB3C4E0003373F /* Base */,
			);
			name = LaunchScreen.storyboard;
			sourceTree = "<group>";
		};
/* End PBXVariantGroup section */

/* Begin XCBuildConfiguration section */
		22BBED5329DB3C4E0003373F /* Debug */ = {
			isa = XCBuildConfiguration;
			buildSettings = {
				ALWAYS_SEARCH_USER_PATHS = NO;
				CLANG_ANALYZER_NONNULL = YES;
				CLANG_ANALYZER_NUMBER_OBJECT_CONVERSION = YES_AGGRESSIVE;
				CLANG_CXX_LANGUAGE_STANDARD = "gnu++17";
				CLANG_ENABLE_MODULES = YES;
				CLANG_ENABLE_OBJC_ARC = YES;
				CLANG_ENABLE_OBJC_WEAK = YES;
				CLANG_WARN_BLOCK_CAPTURE_AUTORELEASING = YES;
				CLANG_WARN_BOOL_CONVERSION = YES;
				CLANG_WARN_COMMA = YES;
				CLANG_WARN_CONSTANT_CONVERSION = YES;
				CLANG_WARN_DEPRECATED_OBJC_IMPLEMENTATIONS = YES;
				CLANG_WARN_DIRECT_OBJC_ISA_USAGE = YES_ERROR;
				CLANG_WARN_DOCUMENTATION_COMMENTS = YES;
				CLANG_WARN_EMPTY_BODY = YES;
				CLANG_WARN_ENUM_CONVERSION = YES;
				CLANG_WARN_INFINITE_RECURSION = YES;
				CLANG_WARN_INT_CONVERSION = YES;
				CLANG_WARN_NON_LITERAL_NULL_CONVERSION = YES;
				CLANG_WARN_OBJC_IMPLICIT_RETAIN_SELF = YES;
				CLANG_WARN_OBJC_LITERAL_CONVERSION = YES;
				CLANG_WARN_OBJC_ROOT_CLASS = YES_ERROR;
				CLANG_WARN_QUOTED_INCLUDE_IN_FRAMEWORK_HEADER = YES;
				CLANG_WARN_RANGE_LOOP_ANALYSIS = YES;
				CLANG_WARN_STRICT_PROTOTYPES = YES;
				CLANG_WARN_SUSPICIOUS_MOVE = YES;
				CLANG_WARN_UNGUARDED_AVAILABILITY = YES_AGGRESSIVE;
				CLANG_WARN_UNREACHABLE_CODE = YES;
				CLANG_WARN__DUPLICATE_METHOD_MATCH = YES;
				COPY_PHASE_STRIP = NO;
				DEBUG_INFORMATION_FORMAT = dwarf;
				ENABLE_STRICT_OBJC_MSGSEND = YES;
				ENABLE_TESTABILITY = YES;
				GCC_C_LANGUAGE_STANDARD = gnu11;
				GCC_DYNAMIC_NO_PIC = NO;
				GCC_NO_COMMON_BLOCKS = YES;
				GCC_OPTIMIZATION_LEVEL = 0;
				GCC_PREPROCESSOR_DEFINITIONS = (
					"DEBUG=1",
					"$(inherited)",
				);
				GCC_WARN_64_TO_32_BIT_CONVERSION = YES;
				GCC_WARN_ABOUT_RETURN_TYPE = YES_ERROR;
				GCC_WARN_UNDECLARED_SELECTOR = YES;
				GCC_WARN_UNINITIALIZED_AUTOS = YES_AGGRESSIVE;
				GCC_WARN_UNUSED_FUNCTION = YES;
				GCC_WARN_UNUSED_VARIABLE = YES;
				IPHONEOS_DEPLOYMENT_TARGET = 15.5;
				MTL_ENABLE_DEBUG_INFO = INCLUDE_SOURCE;
				MTL_FAST_MATH = YES;
				ONLY_ACTIVE_ARCH = YES;
				SDKROOT = iphoneos;
				SWIFT_ACTIVE_COMPILATION_CONDITIONS = DEBUG;
				SWIFT_OPTIMIZATION_LEVEL = "-Onone";
			};
			name = Debug;
		};
		22BBED5429DB3C4E0003373F /* Release */ = {
			isa = XCBuildConfiguration;
			buildSettings = {
				ALWAYS_SEARCH_USER_PATHS = NO;
				CLANG_ANALYZER_NONNULL = YES;
				CLANG_ANALYZER_NUMBER_OBJECT_CONVERSION = YES_AGGRESSIVE;
				CLANG_CXX_LANGUAGE_STANDARD = "gnu++17";
				CLANG_ENABLE_MODULES = YES;
				CLANG_ENABLE_OBJC_ARC = YES;
				CLANG_ENABLE_OBJC_WEAK = YES;
				CLANG_WARN_BLOCK_CAPTURE_AUTORELEASING = YES;
				CLANG_WARN_BOOL_CONVERSION = YES;
				CLANG_WARN_COMMA = YES;
				CLANG_WARN_CONSTANT_CONVERSION = YES;
				CLANG_WARN_DEPRECATED_OBJC_IMPLEMENTATIONS = YES;
				CLANG_WARN_DIRECT_OBJC_ISA_USAGE = YES_ERROR;
				CLANG_WARN_DOCUMENTATION_COMMENTS = YES;
				CLANG_WARN_EMPTY_BODY = YES;
				CLANG_WARN_ENUM_CONVERSION = YES;
				CLANG_WARN_INFINITE_RECURSION = YES;
				CLANG_WARN_INT_CONVERSION = YES;
				CLANG_WARN_NON_LITERAL_NULL_CONVERSION = YES;
				CLANG_WARN_OBJC_IMPLICIT_RETAIN_SELF = YES;
				CLANG_WARN_OBJC_LITERAL_CONVERSION = YES;
				CLANG_WARN_OBJC_ROOT_CLASS = YES_ERROR;
				CLANG_WARN_QUOTED_INCLUDE_IN_FRAMEWORK_HEADER = YES;
				CLANG_WARN_RANGE_LOOP_ANALYSIS = YES;
				CLANG_WARN_STRICT_PROTOTYPES = YES;
				CLANG_WARN_SUSPICIOUS_MOVE = YES;
				CLANG_WARN_UNGUARDED_AVAILABILITY = YES_AGGRESSIVE;
				CLANG_WARN_UNREACHABLE_CODE = YES;
				CLANG_WARN__DUPLICATE_METHOD_MATCH = YES;
				COPY_PHASE_STRIP = NO;
				DEBUG_INFORMATION_FORMAT = "dwarf-with-dsym";
				ENABLE_NS_ASSERTIONS = NO;
				ENABLE_STRICT_OBJC_MSGSEND = YES;
				GCC_C_LANGUAGE_STANDARD = gnu11;
				GCC_NO_COMMON_BLOCKS = YES;
				GCC_WARN_64_TO_32_BIT_CONVERSION = YES;
				GCC_WARN_ABOUT_RETURN_TYPE = YES_ERROR;
				GCC_WARN_UNDECLARED_SELECTOR = YES;
				GCC_WARN_UNINITIALIZED_AUTOS = YES_AGGRESSIVE;
				GCC_WARN_UNUSED_FUNCTION = YES;
				GCC_WARN_UNUSED_VARIABLE = YES;
				IPHONEOS_DEPLOYMENT_TARGET = 15.5;
				MTL_ENABLE_DEBUG_INFO = NO;
				MTL_FAST_MATH = YES;
				SDKROOT = iphoneos;
				SWIFT_COMPILATION_MODE = wholemodule;
				SWIFT_OPTIMIZATION_LEVEL = "-O";
				VALIDATE_PRODUCT = YES;
			};
			name = Release;
		};
		22BBED5629DB3C4E0003373F /* Debug */ = {
			isa = XCBuildConfiguration;
			buildSettings = {
				ASSETCATALOG_COMPILER_APPICON_NAME = AppIcon;
				ASSETCATALOG_COMPILER_GLOBAL_ACCENT_COLOR_NAME = AccentColor;
				CODE_SIGN_STYLE = Automatic;
				CURRENT_PROJECT_VERSION = 1;
				GENERATE_INFOPLIST_FILE = YES;
				INFOPLIST_FILE = Wordle/Info.plist;
				INFOPLIST_KEY_UIApplicationSupportsIndirectInputEvents = YES;
				INFOPLIST_KEY_UILaunchStoryboardName = LaunchScreen;
				INFOPLIST_KEY_UIMainStoryboardFile = Main;
				INFOPLIST_KEY_UISupportedInterfaceOrientations_iPad = "UIInterfaceOrientationPortrait UIInterfaceOrientationPortraitUpsideDown UIInterfaceOrientationLandscapeLeft UIInterfaceOrientationLandscapeRight";
				INFOPLIST_KEY_UISupportedInterfaceOrientations_iPhone = "UIInterfaceOrientationPortrait UIInterfaceOrientationLandscapeLeft UIInterfaceOrientationLandscapeRight";
				LD_RUNPATH_SEARCH_PATHS = (
					"$(inherited)",
					"@executable_path/Frameworks",
				);
				MARKETING_VERSION = 1.0;
				PRODUCT_BUNDLE_IDENTIFIER = com.example.Wordle;
				PRODUCT_NAME = "$(TARGET_NAME)";
				SWIFT_EMIT_LOC_STRINGS = YES;
				SWIFT_VERSION = 5.0;
				TARGETED_DEVICE_FAMILY = "1,2";
			};
			name = Debug;
		};
		22BBED5729DB3C4E0003373F /* Release */ = {
			isa = XCBuildConfiguration;
			buildSettings = {
				ASSETCATALOG_COMPILER_APPICON_NAME = AppIcon;
				ASSETCATALOG_COMPILER_GLOBAL_ACCENT_COLOR_NAME = AccentColor;
				CODE_SIGN_STYLE = Automatic;
				CURRENT_PROJECT_VERSION = 1;
				GENERATE_INFOPLIST_FILE = YES;
				INFOPLIST_FILE = Wordle/Info.plist;
				INFOPLIST_KEY_UIApplicationSupportsIndirectInputEvents = YES;
				INFOPLIST_KEY_UILaunchStoryboardName = LaunchScreen;
				INFOPLIST_KEY_UIMainStoryboardFile = Main;
				INFOPLIST_KEY_UISupportedInterfaceOrientations_iPad = "UIInterfaceOrientationPortrait UIInterfaceOrientationPortraitUpsideDown UIInterfaceOrientationLandscapeLeft UIInterfaceOrientationLandscapeRight";
				INFOPLIST_KEY_UISupportedInterfaceOrientations_iPhone = "UIInterfaceOrientationPortrait UIInterfaceOrientationLandscapeLeft UIInterfaceOrientationLandscapeRight";
				LD_RUNPATH_SEARCH_PATHS = (
					"$(inherited)",
					"@executable_path/Frameworks",
				);
				MARKETING_VERSION = 1.0;
				PRODUCT_BUNDLE_IDENTIFIER = com.example.Wordle;
				PRODUCT_NAME = "$(TARGET_NAME)";
				SWIFT_EMIT_LOC_STRINGS = YES;
				SWIFT_VERSION = 5.0;
				TARGETED_DEVICE_FAMILY = "1,2";
			};
			name = Release;
		};
/* End XCBuildConfiguration section */

/* Begin XCConfigurationList section */
		22BBED3C29DB3C4C0003373F /* Build configuration list for PBXProject "Wordle" */ = {
			isa = XCConfigurationList;
			buildConfigurations = (
				22BBED5329DB3C4E0003373F /* Debug */,
				22BBED5429DB3C4E0003373F /* Release */,
			);
			defaultConfigurationIsVisible = 0;
			defaultConfigurationName = Release;
		};
		22BBED5529DB3C4E0003373F /* Build configuration list for PBXNativeTarget "Wordle" */ = {
			isa = XCConfigurationList;
			buildConfigurations = (
				22BBED5629DB3C4E0003373F /* Debug */,
				22BBED5729DB3C4E0003373F /* Release */,
			);
			defaultConfigurationIsVisible = 0;
			defaultConfigurationName = Release;
		};
/* End XCConfigurationList section */

/* Begin XCRemoteSwiftPackageReference section */
		2234FA1429F2EFE400D149C2 /* XCRemoteSwiftPackageReference "ConfettiSwiftUI" */ = {
			isa = XCRemoteSwiftPackageReference;
			repositoryURL = "https://github.com/simibac/ConfettiSwiftUI.git";
			requirement = {
				kind = upToNextMajorVersion;
				minimumVersion = 1.0.0;
			};
		};
/* End XCRemoteSwiftPackageReference section */

/* Begin XCSwiftPackageProductDependency section */
		2234FA1529F2EFE400D149C2 /* ConfettiSwiftUI */ = {
			isa = XCSwiftPackageProductDependency;
			package = 2234FA1429F2EFE400D149C2 /* XCRemoteSwiftPackageReference "ConfettiSwiftUI" */;
			productName = ConfettiSwiftUI;
		};
/* End XCSwiftPackageProductDependency section */
	};
	rootObject = 22BBED3929DB3C4C0003373F /* Project object */;
}
